// !$*UTF8*$!
{
	archiveVersion = 1;
	classes = {
	};
	objectVersion = 46;
	objects = {

/* Begin PBXBuildFile section */
		4A81EB6A1B3BA2D700045E98 /* AppDelegate.swift in Sources */ = {isa = PBXBuildFile; fileRef = 4A81EB691B3BA2D700045E98 /* AppDelegate.swift */; };
		4A81EB6C1B3BA2D700045E98 /* ViewController.swift in Sources */ = {isa = PBXBuildFile; fileRef = 4A81EB6B1B3BA2D700045E98 /* ViewController.swift */; };
		4A81EB6F1B3BA2D700045E98 /* Main.storyboard in Resources */ = {isa = PBXBuildFile; fileRef = 4A81EB6D1B3BA2D700045E98 /* Main.storyboard */; };
		4A81EB711B3BA2D700045E98 /* Images.xcassets in Resources */ = {isa = PBXBuildFile; fileRef = 4A81EB701B3BA2D700045E98 /* Images.xcassets */; };
		4A81EB741B3BA2D700045E98 /* LaunchScreen.xib in Resources */ = {isa = PBXBuildFile; fileRef = 4A81EB721B3BA2D700045E98 /* LaunchScreen.xib */; };
		4A81EB801B3BA2D700045E98 /* noodletimerTests.swift in Sources */ = {isa = PBXBuildFile; fileRef = 4A81EB7F1B3BA2D700045E98 /* noodletimerTests.swift */; };
/* End PBXBuildFile section */

/* Begin PBXContainerItemProxy section */
		4A81EB7A1B3BA2D700045E98 /* PBXContainerItemProxy */ = {
			isa = PBXContainerItemProxy;
			containerPortal = 4A81EB5C1B3BA2D700045E98 /* Project object */;
			proxyType = 1;
			remoteGlobalIDString = 4A81EB631B3BA2D700045E98;
			remoteInfo = noodletimer;
		};
/* End PBXContainerItemProxy section */

/* Begin PBXFileReference section */
		4A81EB641B3BA2D700045E98 /* noodletimer.app */ = {isa = PBXFileReference; explicitFileType = wrapper.application; includeInIndex = 0; path = noodletimer.app; sourceTree = BUILT_PRODUCTS_DIR; };
		4A81EB681B3BA2D700045E98 /* Info.plist */ = {isa = PBXFileReference; lastKnownFileType = text.plist.xml; path = Info.plist; sourceTree = "<group>"; };
		4A81EB691B3BA2D700045E98 /* AppDelegate.swift */ = {isa = PBXFileReference; lastKnownFileType = sourcecode.swift; path = AppDelegate.swift; sourceTree = "<group>"; };
		4A81EB6B1B3BA2D700045E98 /* ViewController.swift */ = {isa = PBXFileReference; lastKnownFileType = sourcecode.swift; path = ViewController.swift; sourceTree = "<group>"; };
		4A81EB6E1B3BA2D700045E98 /* Base */ = {isa = PBXFileReference; lastKnownFileType = file.storyboard; name = Base; path = Base.lproj/Main.storyboard; sourceTree = "<group>"; };
		4A81EB701B3BA2D700045E98 /* Images.xcassets */ = {isa = PBXFileReference; lastKnownFileType = folder.assetcatalog; path = Images.xcassets; sourceTree = "<group>"; };
		4A81EB731B3BA2D700045E98 /* Base */ = {isa = PBXFileReference; lastKnownFileType = file.xib; name = Base; path = Base.lproj/LaunchScreen.xib; sourceTree = "<group>"; };
		4A81EB791B3BA2D700045E98 /* noodletimerTests.xctest */ = {isa = PBXFileReference; explicitFileType = wrapper.cfbundle; includeInIndex = 0; path = noodletimerTests.xctest; sourceTree = BUILT_PRODUCTS_DIR; };
		4A81EB7E1B3BA2D700045E98 /* Info.plist */ = {isa = PBXFileReference; lastKnownFileType = text.plist.xml; path = Info.plist; sourceTree = "<group>"; };
		4A81EB7F1B3BA2D700045E98 /* noodletimerTests.swift */ = {isa = PBXFileReference; lastKnownFileType = sourcecode.swift; path = noodletimerTests.swift; sourceTree = "<group>"; };
/* End PBXFileReference section */

/* Begin PBXFrameworksBuildPhase section */
		4A81EB611B3BA2D700045E98 /* Frameworks */ = {
			isa = PBXFrameworksBuildPhase;
			buildActionMask = 2147483647;
			files = (
			);
			runOnlyForDeploymentPostprocessing = 0;
		};
		4A81EB761B3BA2D700045E98 /* Frameworks */ = {
			isa = PBXFrameworksBuildPhase;
			buildActionMask = 2147483647;
			files = (
			);
			runOnlyForDeploymentPostprocessing = 0;
		};
/* End PBXFrameworksBuildPhase section */

/* Begin PBXGroup section */
		4A81EB5B1B3BA2D700045E98 = {
			isa = PBXGroup;
			children = (
				4A81EB661B3BA2D700045E98 /* noodletimer */,
				4A81EB7C1B3BA2D700045E98 /* noodletimerTests */,
				4A81EB651B3BA2D700045E98 /* Products */,
			);
			sourceTree = "<group>";
		};
		4A81EB651B3BA2D700045E98 /* Products */ = {
			isa = PBXGroup;
			children = (
				4A81EB641B3BA2D700045E98 /* noodletimer.app */,
				4A81EB791B3BA2D700045E98 /* noodletimerTests.xctest */,
			);
			name = Products;
			sourceTree = "<group>";
		};
		4A81EB661B3BA2D700045E98 /* noodletimer */ = {
			isa = PBXGroup;
			children = (
				4A81EB691B3BA2D700045E98 /* AppDelegate.swift */,
				4A81EB6B1B3BA2D700045E98 /* ViewController.swift */,
				4A81EB6D1B3BA2D700045E98 /* Main.storyboard */,
				4A81EB701B3BA2D700045E98 /* Images.xcassets */,
				4A81EB721B3BA2D700045E98 /* LaunchScreen.xib */,
				4A81EB671B3BA2D700045E98 /* Supporting Files */,
			);
			path = noodletimer;
			sourceTree = "<group>";
		};
		4A81EB671B3BA2D700045E98 /* Supporting Files */ = {
			isa = PBXGroup;
			children = (
				4A81EB681B3BA2D700045E98 /* Info.plist */,
			);
			name = "Supporting Files";
			sourceTree = "<group>";
		};
		4A81EB7C1B3BA2D700045E98 /* noodletimerTests */ = {
			isa = PBXGroup;
			children = (
				4A81EB7F1B3BA2D700045E98 /* noodletimerTests.swift */,
				4A81EB7D1B3BA2D700045E98 /* Supporting Files */,
			);
			path = noodletimerTests;
			sourceTree = "<group>";
		};
		4A81EB7D1B3BA2D700045E98 /* Supporting Files */ = {
			isa = PBXGroup;
			children = (
				4A81EB7E1B3BA2D700045E98 /* Info.plist */,
			);
			name = "Supporting Files";
			sourceTree = "<group>";
		};
/* End PBXGroup section */

/* Begin PBXNativeTarget section */
		4A81EB631B3BA2D700045E98 /* noodletimer */ = {
			isa = PBXNativeTarget;
			buildConfigurationList = 4A81EB831B3BA2D700045E98 /* Build configuration list for PBXNativeTarget "noodletimer" */;
			buildPhases = (
				4A81EB601B3BA2D700045E98 /* Sources */,
				4A81EB611B3BA2D700045E98 /* Frameworks */,
				4A81EB621B3BA2D700045E98 /* Resources */,
			);
			buildRules = (
			);
			dependencies = (
			);
			name = noodletimer;
			productName = noodletimer;
			productReference = 4A81EB641B3BA2D700045E98 /* noodletimer.app */;
			productType = "com.apple.product-type.application";
		};
		4A81EB781B3BA2D700045E98 /* noodletimerTests */ = {
			isa = PBXNativeTarget;
			buildConfigurationList = 4A81EB861B3BA2D700045E98 /* Build configuration list for PBXNativeTarget "noodletimerTests" */;
			buildPhases = (
				4A81EB751B3BA2D700045E98 /* Sources */,
				4A81EB761B3BA2D700045E98 /* Frameworks */,
				4A81EB771B3BA2D700045E98 /* Resources */,
			);
			buildRules = (
			);
			dependencies = (
				4A81EB7B1B3BA2D700045E98 /* PBXTargetDependency */,
			);
			name = noodletimerTests;
			productName = noodletimerTests;
			productReference = 4A81EB791B3BA2D700045E98 /* noodletimerTests.xctest */;
			productType = "com.apple.product-type.bundle.unit-test";
		};
/* End PBXNativeTarget section */

/* Begin PBXProject section */
		4A81EB5C1B3BA2D700045E98 /* Project object */ = {
			isa = PBXProject;
			attributes = {
				LastUpgradeCheck = 0630;
				ORGANIZATIONNAME = hayashi;
				TargetAttributes = {
					4A81EB631B3BA2D700045E98 = {
						CreatedOnToolsVersion = 6.3.2;
					};
					4A81EB781B3BA2D700045E98 = {
						CreatedOnToolsVersion = 6.3.2;
						TestTargetID = 4A81EB631B3BA2D700045E98;
					};
				};
			};
			buildConfigurationList = 4A81EB5F1B3BA2D700045E98 /* Build configuration list for PBXProject "noodletimer" */;
			compatibilityVersion = "Xcode 3.2";
			developmentRegion = English;
			hasScannedForEncodings = 0;
			knownRegions = (
				en,
				Base,
			);
			mainGroup = 4A81EB5B1B3BA2D700045E98;
			productRefGroup = 4A81EB651B3BA2D700045E98 /* Products */;
			projectDirPath = "";
			projectRoot = "";
			targets = (
				4A81EB631B3BA2D700045E98 /* noodletimer */,
				4A81EB781B3BA2D700045E98 /* noodletimerTests */,
			);
		};
/* End PBXProject section */

/* Begin PBXResourcesBuildPhase section */
		4A81EB621B3BA2D700045E98 /* Resources */ = {
			isa = PBXResourcesBuildPhase;
			buildActionMask = 2147483647;
			files = (
				4A81EB6F1B3BA2D700045E98 /* Main.storyboard in Resources */,
				4A81EB741B3BA2D700045E98 /* LaunchScreen.xib in Resources */,
				4A81EB711B3BA2D700045E98 /* Images.xcassets in Resources */,
			);
			runOnlyForDeploymentPostprocessing = 0;
		};
		4A81EB771B3BA2D700045E98 /* Resources */ = {
			isa = PBXResourcesBuildPhase;
			buildActionMask = 2147483647;
			files = (
			);
			runOnlyForDeploymentPostprocessing = 0;
		};
/* End PBXResourcesBuildPhase section */

/* Begin PBXSourcesBuildPhase section */
		4A81EB601B3BA2D700045E98 /* Sources */ = {
			isa = PBXSourcesBuildPhase;
			buildActionMask = 2147483647;
			files = (
				4A81EB6C1B3BA2D700045E98 /* ViewController.swift in Sources */,
				4A81EB6A1B3BA2D700045E98 /* AppDelegate.swift in Sources */,
			);
			runOnlyForDeploymentPostprocessing = 0;
		};
		4A81EB751B3BA2D700045E98 /* Sources */ = {
			isa = PBXSourcesBuildPhase;
			buildActionMask = 2147483647;
			files = (
				4A81EB801B3BA2D700045E98 /* noodletimerTests.swift in Sources */,
			);
			runOnlyForDeploymentPostprocessing = 0;
		};
/* End PBXSourcesBuildPhase section */

/* Begin PBXTargetDependency section */
		4A81EB7B1B3BA2D700045E98 /* PBXTargetDependency */ = {
			isa = PBXTargetDependency;
			target = 4A81EB631B3BA2D700045E98 /* noodletimer */;
			targetProxy = 4A81EB7A1B3BA2D700045E98 /* PBXContainerItemProxy */;
		};
/* End PBXTargetDependency section */

/* Begin PBXVariantGroup section */
		4A81EB6D1B3BA2D700045E98 /* Main.storyboard */ = {
			isa = PBXVariantGroup;
			children = (
				4A81EB6E1B3BA2D700045E98 /* Base */,
			);
			name = Main.storyboard;
			sourceTree = "<group>";
		};
		4A81EB721B3BA2D700045E98 /* LaunchScreen.xib */ = {
			isa = PBXVariantGroup;
			children = (
				4A81EB731B3BA2D700045E98 /* Base */,
			);
			name = LaunchScreen.xib;
			sourceTree = "<group>";
		};
/* End PBXVariantGroup section */

/* Begin XCBuildConfiguration section */
		4A81EB811B3BA2D700045E98 /* Debug */ = {
			isa = XCBuildConfiguration;
			buildSettings = {
				ALWAYS_SEARCH_USER_PATHS = NO;
				CLANG_CXX_LANGUAGE_STANDARD = "gnu++0x";
				CLANG_CXX_LIBRARY = "libc++";
				CLANG_ENABLE_MODULES = YES;
				CLANG_ENABLE_OBJC_ARC = YES;
				CLANG_WARN_BOOL_CONVERSION = YES;
				CLANG_WARN_CONSTANT_CONVERSION = YES;
				CLANG_WARN_DIRECT_OBJC_ISA_USAGE = YES_ERROR;
				CLANG_WARN_EMPTY_BODY = YES;
				CLANG_WARN_ENUM_CONVERSION = YES;
				CLANG_WARN_INT_CONVERSION = YES;
				CLANG_WARN_OBJC_ROOT_CLASS = YES_ERROR;
				CLANG_WARN_UNREACHABLE_CODE = YES;
				CLANG_WARN__DUPLICATE_METHOD_MATCH = YES;
				"CODE_SIGN_IDENTITY[sdk=iphoneos*]" = "iPhone Developer";
				COPY_PHASE_STRIP = NO;
				DEBUG_INFORMATION_FORMAT = "dwarf-with-dsym";
				ENABLE_STRICT_OBJC_MSGSEND = YES;
				GCC_C_LANGUAGE_STANDARD = gnu99;
				GCC_DYNAMIC_NO_PIC = NO;
				GCC_NO_COMMON_BLOCKS = YES;
				GCC_OPTIMIZATION_LEVEL = 0;
				GCC_PREPROCESSOR_DEFINITIONS = (
					"DEBUG=1",
					"$(inherited)",
				);
				GCC_SYMBOLS_PRIVATE_EXTERN = NO;
				GCC_WARN_64_TO_32_BIT_CONVERSION = YES;
				GCC_WARN_ABOUT_RETURN_TYPE = YES_ERROR;
				GCC_WARN_UNDECLARED_SELECTOR = YES;
				GCC_WARN_UNINITIALIZED_AUTOS = YES_AGGRESSIVE;
				GCC_WARN_UNUSED_FUNCTION = YES;
				GCC_WARN_UNUSED_VARIABLE = YES;
				IPHONEOS_DEPLOYMENT_TARGET = 8.3;
				MTL_ENABLE_DEBUG_INFO = YES;
				ONLY_ACTIVE_ARCH = YES;
				SDKROOT = iphoneos;
				SWIFT_OPTIMIZATION_LEVEL = "-Onone";
				TARGETED_DEVICE_FAMILY = "1,2";
			};
			name = Debug;
		};
		4A81EB821B3BA2D700045E98 /* Release */ = {
			isa = XCBuildConfiguration;
			buildSettings = {
				ALWAYS_SEARCH_USER_PATHS = NO;
				CLANG_CXX_LANGUAGE_STANDARD = "gnu++0x";
				CLANG_CXX_LIBRARY = "libc++";
				CLANG_ENABLE_MODULES = YES;
				CLANG_ENABLE_OBJC_ARC = YES;
				CLANG_WARN_BOOL_CONVERSION = YES;
				CLANG_WARN_CONSTANT_CONVERSION = YES;
				CLANG_WARN_DIRECT_OBJC_ISA_USAGE = YES_ERROR;
				CLANG_WARN_EMPTY_BODY = YES;
				CLANG_WARN_ENUM_CONVERSION = YES;
				CLANG_WARN_INT_CONVERSION = YES;
				CLANG_WARN_OBJC_ROOT_CLASS = YES_ERROR;
				CLANG_WARN_UNREACHABLE_CODE = YES;
				CLANG_WARN__DUPLICATE_METHOD_MATCH = YES;
				"CODE_SIGN_IDENTITY[sdk=iphoneos*]" = "iPhone Developer";
				COPY_PHASE_STRIP = NO;
				DEBUG_INFORMATION_FORMAT = "dwarf-with-dsym";
				ENABLE_NS_ASSERTIONS = NO;
				ENABLE_STRICT_OBJC_MSGSEND = YES;
				GCC_C_LANGUAGE_STANDARD = gnu99;
				GCC_NO_COMMON_BLOCKS = YES;
				GCC_WARN_64_TO_32_BIT_CONVERSION = YES;
				GCC_WARN_ABOUT_RETURN_TYPE = YES_ERROR;
				GCC_WARN_UNDECLARED_SELECTOR = YES;
				GCC_WARN_UNINITIALIZED_AUTOS = YES_AGGRESSIVE;
				GCC_WARN_UNUSED_FUNCTION = YES;
				GCC_WARN_UNUSED_VARIABLE = YES;
				IPHONEOS_DEPLOYMENT_TARGET = 8.3;
				MTL_ENABLE_DEBUG_INFO = NO;
				SDKROOT = iphoneos;
				TARGETED_DEVICE_FAMILY = "1,2";
				VALIDATE_PRODUCT = YES;
			};
			name = Release;
		};
		4A81EB841B3BA2D700045E98 /* Debug */ = {
			isa = XCBuildConfiguration;
			buildSettings = {
				ASSETCATALOG_COMPILER_APPICON_NAME = AppIcon;
				INFOPLIST_FILE = noodletimer/Info.plist;
				IPHONEOS_DEPLOYMENT_TARGET = 7.0;
				LD_RUNPATH_SEARCH_PATHS = "$(inherited) @executable_path/Frameworks";
				PRODUCT_NAME = "$(TARGET_NAME)";
			};
			name = Debug;
		};
		4A81EB851B3BA2D700045E98 /* Release */ = {
			isa = XCBuildConfiguration;
			buildSettings = {
				ASSETCATALOG_COMPILER_APPICON_NAME = AppIcon;
				INFOPLIST_FILE = noodletimer/Info.plist;
				IPHONEOS_DEPLOYMENT_TARGET = 7.0;
				LD_RUNPATH_SEARCH_PATHS = "$(inherited) @executable_path/Frameworks";
				PRODUCT_NAME = "$(TARGET_NAME)";
			};
			name = Release;
		};
		4A81EB871B3BA2D700045E98 /* Debug */ = {
			isa = XCBuildConfiguration;
			buildSettings = {
				BUNDLE_LOADER = "$(TEST_HOST)";
				FRAMEWORK_SEARCH_PATHS = (
					"$(SDKROOT)/Developer/Library/Frameworks",
					"$(inherited)",
				);
				GCC_PREPROCESSOR_DEFINITIONS = (
					"DEBUG=1",
					"$(inherited)",
				);
				INFOPLIST_FILE = noodletimerTests/Info.plist;
				LD_RUNPATH_SEARCH_PATHS = "$(inherited) @executable_path/Frameworks @loader_path/Frameworks";
				PRODUCT_NAME = "$(TARGET_NAME)";
				TEST_HOST = "$(BUILT_PRODUCTS_DIR)/noodletimer.app/noodletimer";
			};
			name = Debug;
		};
		4A81EB881B3BA2D700045E98 /* Release */ = {
			isa = XCBuildConfiguration;
			buildSettings = {
				BUNDLE_LOADER = "$(TEST_HOST)";
				FRAMEWORK_SEARCH_PATHS = (
					"$(SDKROOT)/Developer/Library/Frameworks",
					"$(inherited)",
				);
				INFOPLIST_FILE = noodletimerTests/Info.plist;
				LD_RUNPATH_SEARCH_PATHS = "$(inherited) @executable_path/Frameworks @loader_path/Frameworks";
				PRODUCT_NAME = "$(TARGET_NAME)";
				TEST_HOST = "$(BUILT_PRODUCTS_DIR)/noodletimer.app/noodletimer";
			};
			name = Release;
		};
/* End XCBuildConfiguration section */

/* Begin XCConfigurationList section */
		4A81EB5F1B3BA2D700045E98 /* Build configuration list for PBXProject "noodletimer" */ = {
			isa = XCConfigurationList;
			buildConfigurations = (
				4A81EB811B3BA2D700045E98 /* Debug */,
				4A81EB821B3BA2D700045E98 /* Release */,
			);
			defaultConfigurationIsVisible = 0;
			defaultConfigurationName = Release;
		};
		4A81EB831B3BA2D700045E98 /* Build configuration list for PBXNativeTarget "noodletimer" */ = {
			isa = XCConfigurationList;
			buildConfigurations = (
				4A81EB841B3BA2D700045E98 /* Debug */,
				4A81EB851B3BA2D700045E98 /* Release */,
			);
			defaultConfigurationIsVisible = 0;
		};
		4A81EB861B3BA2D700045E98 /* Build configuration list for PBXNativeTarget "noodletimerTests" */ = {
			isa = XCConfigurationList;
			buildConfigurations = (
				4A81EB871B3BA2D700045E98 /* Debug */,
				4A81EB881B3BA2D700045E98 /* Release */,
			);
			defaultConfigurationIsVisible = 0;
		};
/* End XCConfigurationList section */
	};
	rootObject = 4A81EB5C1B3BA2D700045E98 /* Project object */;
}
